<?xml version="1.0" encoding="utf-8"?>
<Project ToolsVersion="4.0" xmlns="http://schemas.microsoft.com/developer/msbuild/2003">
  <ItemGroup>
    <Filter Include="Source Files">
      <UniqueIdentifier>{4FC737F1-C7A5-4376-A066-2A32D752A2FF}</UniqueIdentifier>
      <Extensions>cpp;c;cc;cxx;def;odl;idl;hpj;bat;asm;asmx</Extensions>
    </Filter>
    <Filter Include="Header Files">
      <UniqueIdentifier>{93995380-89BD-4b04-88EB-625FBE52EBFB}</UniqueIdentifier>
      <Extensions>h;hh;hpp;hxx;hm;inl;inc;xsd</Extensions>
    </Filter>
    <Filter Include="Resource Files">
      <UniqueIdentifier>{67DA6AB6-F800-4c08-8B7A-83BB121AAD01}</UniqueIdentifier>
      <Extensions>rc;ico;cur;bmp;dlg;rc2;rct;bin;rgs;gif;jpg;jpeg;jpe;resx;tiff;tif;png;wav</Extensions>
    </Filter>
  </ItemGroup>
  <ItemGroup>
    <ClCompile Include="starmap\projection\AzimuthalEquidistantProjection.cpp">
      <Filter>Source Files</Filter>
    </ClCompile>
    <ClCompile Include="starmap\projection\EquidistantConicProjection.cpp">
      <Filter>Source Files</Filter>
    </ClCompile>
    <ClCompile Include="starmap\projection\EquidistantCylindricalProjection.cpp">
      <Filter>Source Files</Filter>
    </ClCompile>
    <ClCompile Include="starmap\projection\Projection.cpp">
      <Filter>Source Files</Filter>
    </ClCompile>
    <ClCompile Include="starmap\tikz\Tikz.cpp">
      <Filter>Source Files</Filter>
    </ClCompile>
  </ItemGroup>
  <ItemGroup>
    <ClInclude Include="starmap\geometry\Point2D.h">
      <Filter>Header Files</Filter>
    </ClInclude>
    <ClInclude Include="starmap\geometry\Shapes.h">
      <Filter>Header Files</Filter>
    </ClInclude>
    <ClInclude Include="starmap\projection\AzimuthalEquidistantProjection.h">
      <Filter>Header Files</Filter>
    </ClInclude>
    <ClInclude Include="starmap\projection\EquidistantConicProjection.h">
      <Filter>Header Files</Filter>
    </ClInclude>
    <ClInclude Include="starmap\projection\EquidistantCylindricalProjection.h">
      <Filter>Header Files</Filter>
    </ClInclude>
    <ClInclude Include="starmap\projection\Projection.h">
      <Filter>Header Files</Filter>
    </ClInclude>
    <ClInclude Include="starmap\projection\UnitProjection.h">
      <Filter>Header Files</Filter>
    </ClInclude>
    <ClInclude Include="starmap\tikz\FontSize.h">
      <Filter>Header Files</Filter>
    </ClInclude>
    <ClInclude Include="starmap\tikz\PaperSize.h">
      <Filter>Header Files</Filter>
    </ClInclude>
    <ClInclude Include="starmap\tikz\Tikz.h">
      <Filter>Header Files</Filter>
    </ClInclude>
    <ClInclude Include="starmap\tikz\TikzPicture.h">
      <Filter>Header Files</Filter>
    </ClInclude>
    <ClInclude Include="starmap\tikz\TikzUtils.h">
      <Filter>Header Files</Filter>
    </ClInclude>
  </ItemGroup>
</Project>